
Microsoft Visual Studio Solution File, Format Version 12.00
# Visual Studio Version 17
VisualStudioVersion = 17.8.34322.80
MinimumVisualStudioVersion = 10.0.40219.1
Project("{FAE04EC0-301F-11D3-BF4B-00C04F79EFBC}") = "FunctionApp-HelloDurable-Basic", "FunctionApp-HelloDurable-Basic.csproj", "{84047F79-5C56-489C-A2F8-EFA78D108556}"
EndProject
Global
	GlobalSection(SolutionConfigurationPlatforms) = preSolution
		Debug|Any CPU = Debug|Any CPU
		Release|Any CPU = Release|Any CPU
	EndGlobalSection
	GlobalSection(ProjectConfigurationPlatforms) = postSolution
		{84047F79-5C56-489C-A2F8-EFA78D108556}.Debug|Any CPU.ActiveCfg = Debug|Any CPU
		{84047F79-5C56-489C-A2F8-EFA78D108556}.Debug|Any CPU.Build.0 = Debug|Any CPU
		{84047F79-5C56-489C-A2F8-EFA78D108556}.Release|Any CPU.ActiveCfg = Release|Any CPU
		{84047F79-5C56-489C-A2F8-EFA78D108556}.Release|Any CPU.Build.0 = Release|Any CPU
	EndGlobalSection
	GlobalSection(SolutionProperties) = preSolution
		HideSolutionNode = FALSE
	EndGlobalSection
	GlobalSection(ExtensibilityGlobals) = postSolution
		SolutionGuid = {8379E6C6-09BC-43ED-81AF-2C7A7F16DC2E}
	EndGlobalSection
EndGlobal
